
Microsoft Visual Studio Solution File, Format Version 12.00
# Visual Studio 2015
Project("{FAE04EC0-301F-11D3-BF4B-00C04F79EFBC}") = "Year1 - 1.0.CSharp", "Year1 - 1.0.CSharp.csproj", "{580BDB15-FBE2-2930-C5F5-66904D77A9A9}"
EndProject
Global
	GlobalSection(SolutionConfigurationPlatforms) = preSolution
		Debug|Any CPU = Debug|Any CPU
		Release|Any CPU = Release|Any CPU
	EndGlobalSection
	GlobalSection(ProjectConfigurationPlatforms) = postSolution
		{580BDB15-FBE2-2930-C5F5-66904D77A9A9}.Debug|Any CPU.ActiveCfg = Debug|Any CPU
		{580BDB15-FBE2-2930-C5F5-66904D77A9A9}.Debug|Any CPU.Build.0 = Debug|Any CPU
		{580BDB15-FBE2-2930-C5F5-66904D77A9A9}.Release|Any CPU.ActiveCfg = Release|Any CPU
		{580BDB15-FBE2-2930-C5F5-66904D77A9A9}.Release|Any CPU.Build.0 = Release|Any CPU
	EndGlobalSection
	GlobalSection(SolutionProperties) = preSolution
		HideSolutionNode = FALSE
	EndGlobalSection
EndGlobal
